// !$*UTF8*$!
{
	archiveVersion = 1;
	classes = {
	};
	objectVersion = 50;
	objects = {

/* Begin PBXBuildFile section */
		41B1E1302824FAF300CCD9BE /* Statistics.cpp in Sources */ = {isa = PBXBuildFile; fileRef = 41B1E12E2824FAF300CCD9BE /* Statistics.cpp */; };
		41B725D927FADC980062DC78 /* Main.cpp in Sources */ = {isa = PBXBuildFile; fileRef = 41B725D827FADC980062DC78 /* Main.cpp */; };
		41B725E227FADCA70062DC78 /* Account.cpp in Sources */ = {isa = PBXBuildFile; fileRef = 41B725E027FADCA70062DC78 /* Account.cpp */; };
		41B725E627FADCD00062DC78 /* ATMachine.cpp in Sources */ = {isa = PBXBuildFile; fileRef = 41B725E427FADCD00062DC78 /* ATMachine.cpp */; };
/* End PBXBuildFile section */

/* Begin PBXCopyFilesBuildPhase section */
		41B725D327FADC980062DC78 /* CopyFiles */ = {
			isa = PBXCopyFilesBuildPhase;
			buildActionMask = 2147483647;
			dstPath = /usr/share/man/man1/;
			dstSubfolderSpec = 0;
			files = (
			);
			runOnlyForDeploymentPostprocessing = 1;
		};
/* End PBXCopyFilesBuildPhase section */

/* Begin PBXFileReference section */
		41B1E12E2824FAF300CCD9BE /* Statistics.cpp */ = {isa = PBXFileReference; lastKnownFileType = sourcecode.cpp.cpp; path = Statistics.cpp; sourceTree = "<group>"; };
		41B1E12F2824FAF300CCD9BE /* Statistics.h */ = {isa = PBXFileReference; lastKnownFileType = sourcecode.c.h; path = Statistics.h; sourceTree = "<group>"; };
		41B725D527FADC980062DC78 /* HSB_ATM1 */ = {isa = PBXFileReference; explicitFileType = "compiled.mach-o.executable"; includeInIndex = 0; path = HSB_ATM1; sourceTree = BUILT_PRODUCTS_DIR; };
		41B725D827FADC980062DC78 /* Main.cpp */ = {isa = PBXFileReference; lastKnownFileType = sourcecode.cpp.cpp; path = Main.cpp; sourceTree = "<group>"; };
		41B725E027FADCA70062DC78 /* Account.cpp */ = {isa = PBXFileReference; lastKnownFileType = sourcecode.cpp.cpp; path = Account.cpp; sourceTree = "<group>"; };
		41B725E127FADCA70062DC78 /* Account.h */ = {isa = PBXFileReference; lastKnownFileType = sourcecode.c.h; path = Account.h; sourceTree = "<group>"; };
		41B725E427FADCD00062DC78 /* ATMachine.cpp */ = {isa = PBXFileReference; lastKnownFileType = sourcecode.cpp.cpp; path = ATMachine.cpp; sourceTree = "<group>"; };
		41B725E527FADCD00062DC78 /* ATMachine.h */ = {isa = PBXFileReference; lastKnownFileType = sourcecode.c.h; path = ATMachine.h; sourceTree = "<group>"; };
/* End PBXFileReference section */

/* Begin PBXFrameworksBuildPhase section */
		41B725D227FADC980062DC78 /* Frameworks */ = {
			isa = PBXFrameworksBuildPhase;
			buildActionMask = 2147483647;
			files = (
			);
			runOnlyForDeploymentPostprocessing = 0;
		};
/* End PBXFrameworksBuildPhase section */

/* Begin PBXGroup section */
		41B725CC27FADC980062DC78 = {
			isa = PBXGroup;
			children = (
				41B725D727FADC980062DC78 /* HSB_ATM1 */,
				41B725D627FADC980062DC78 /* Products */,
			);
			sourceTree = "<group>";
		};
		41B725D627FADC980062DC78 /* Products */ = {
			isa = PBXGroup;
			children = (
				41B725D527FADC980062DC78 /* HSB_ATM1 */,
			);
			name = Products;
			sourceTree = "<group>";
		};
		41B725D727FADC980062DC78 /* HSB_ATM1 */ = {
			isa = PBXGroup;
			children = (
				41B725D827FADC980062DC78 /* Main.cpp */,
				41B725E027FADCA70062DC78 /* Account.cpp */,
				41B725E127FADCA70062DC78 /* Account.h */,
				41B725E427FADCD00062DC78 /* ATMachine.cpp */,
				41B725E527FADCD00062DC78 /* ATMachine.h */,
				41B1E12E2824FAF300CCD9BE /* Statistics.cpp */,
				41B1E12F2824FAF300CCD9BE /* Statistics.h */,
			);
			path = HSB_ATM1;
			sourceTree = "<group>";
		};
/* End PBXGroup section */

/* Begin PBXNativeTarget section */
		41B725D427FADC980062DC78 /* HSB_ATM1 */ = {
			isa = PBXNativeTarget;
			buildConfigurationList = 41B725DC27FADC980062DC78 /* Build configuration list for PBXNativeTarget "HSB_ATM1" */;
			buildPhases = (
				41B725D127FADC980062DC78 /* Sources */,
				41B725D227FADC980062DC78 /* Frameworks */,
				41B725D327FADC980062DC78 /* CopyFiles */,
			);
			buildRules = (
			);
			dependencies = (
			);
			name = HSB_ATM1;
			productName = HSB_ATM1;
			productReference = 41B725D527FADC980062DC78 /* HSB_ATM1 */;
			productType = "com.apple.product-type.tool";
		};
/* End PBXNativeTarget section */

/* Begin PBXProject section */
		41B725CD27FADC980062DC78 /* Project object */ = {
			isa = PBXProject;
			attributes = {
				LastUpgradeCheck = 1240;
				TargetAttributes = {
					41B725D427FADC980062DC78 = {
						CreatedOnToolsVersion = 12.4;
					};
				};
			};
			buildConfigurationList = 41B725D027FADC980062DC78 /* Build configuration list for PBXProject "HSB_ATM1" */;
			compatibilityVersion = "Xcode 9.3";
			developmentRegion = en;
			hasScannedForEncodings = 0;
			knownRegions = (
				en,
				Base,
			);
			mainGroup = 41B725CC27FADC980062DC78;
			productRefGroup = 41B725D627FADC980062DC78 /* Products */;
			projectDirPath = "";
			projectRoot = "";
			targets = (
				41B725D427FADC980062DC78 /* HSB_ATM1 */,
			);
		};
/* End PBXProject section */

/* Begin PBXSourcesBuildPhase section */
		41B725D127FADC980062DC78 /* Sources */ = {
			isa = PBXSourcesBuildPhase;
			buildActionMask = 2147483647;
			files = (
				41B725E627FADCD00062DC78 /* ATMachine.cpp in Sources */,
				41B725D927FADC980062DC78 /* Main.cpp in Sources */,
				41B1E1302824FAF300CCD9BE /* Statistics.cpp in Sources */,
				41B725E227FADCA70062DC78 /* Account.cpp in Sources */,
			);
			runOnlyForDeploymentPostprocessing = 0;
		};
/* End PBXSourcesBuildPhase section */

/* Begin XCBuildConfiguration section */
		41B725DA27FADC980062DC78 /* Debug */ = {
			isa = XCBuildConfiguration;
			buildSettings = {
				ALWAYS_SEARCH_USER_PATHS = NO;
				CLANG_ANALYZER_NONNULL = YES;
				CLANG_ANALYZER_NUMBER_OBJECT_CONVERSION = YES_AGGRESSIVE;
				CLANG_CXX_LANGUAGE_STANDARD = "gnu++14";
				CLANG_CXX_LIBRARY = "libc++";
				CLANG_ENABLE_MODULES = YES;
				CLANG_ENABLE_OBJC_ARC = YES;
				CLANG_ENABLE_OBJC_WEAK = YES;
				CLANG_WARN_BLOCK_CAPTURE_AUTORELEASING = YES;
				CLANG_WARN_BOOL_CONVERSION = YES;
				CLANG_WARN_COMMA = YES;
				CLANG_WARN_CONSTANT_CONVERSION = YES;
				CLANG_WARN_DEPRECATED_OBJC_IMPLEMENTATIONS = YES;
				CLANG_WARN_DIRECT_OBJC_ISA_USAGE = YES_ERROR;
				CLANG_WARN_DOCUMENTATION_COMMENTS = YES;
				CLANG_WARN_EMPTY_BODY = YES;
				CLANG_WARN_ENUM_CONVERSION = YES;
				CLANG_WARN_INFINITE_RECURSION = YES;
				CLANG_WARN_INT_CONVERSION = YES;
				CLANG_WARN_NON_LITERAL_NULL_CONVERSION = YES;
				CLANG_WARN_OBJC_IMPLICIT_RETAIN_SELF = YES;
				CLANG_WARN_OBJC_LITERAL_CONVERSION = YES;
				CLANG_WARN_OBJC_ROOT_CLASS = YES_ERROR;
				CLANG_WARN_QUOTED_INCLUDE_IN_FRAMEWORK_HEADER = YES;
				CLANG_WARN_RANGE_LOOP_ANALYSIS = YES;
				CLANG_WARN_STRICT_PROTOTYPES = YES;
				CLANG_WARN_SUSPICIOUS_MOVE = YES;
				CLANG_WARN_UNGUARDED_AVAILABILITY = YES_AGGRESSIVE;
				CLANG_WARN_UNREACHABLE_CODE = YES;
				CLANG_WARN__DUPLICATE_METHOD_MATCH = YES;
				COPY_PHASE_STRIP = NO;
				DEBUG_INFORMATION_FORMAT = dwarf;
				ENABLE_STRICT_OBJC_MSGSEND = YES;
				ENABLE_TESTABILITY = YES;
				GCC_C_LANGUAGE_STANDARD = gnu11;
				GCC_DYNAMIC_NO_PIC = NO;
				GCC_NO_COMMON_BLOCKS = YES;
				GCC_OPTIMIZATION_LEVEL = 0;
				GCC_PREPROCESSOR_DEFINITIONS = (
					"DEBUG=1",
					"$(inherited)",
				);
				GCC_WARN_64_TO_32_BIT_CONVERSION = YES;
				GCC_WARN_ABOUT_RETURN_TYPE = YES_ERROR;
				GCC_WARN_UNDECLARED_SELECTOR = YES;
				GCC_WARN_UNINITIALIZED_AUTOS = YES_AGGRESSIVE;
				GCC_WARN_UNUSED_FUNCTION = YES;
				GCC_WARN_UNUSED_VARIABLE = YES;
				MACOSX_DEPLOYMENT_TARGET = 10.15;
				MTL_ENABLE_DEBUG_INFO = INCLUDE_SOURCE;
				MTL_FAST_MATH = YES;
				ONLY_ACTIVE_ARCH = YES;
				SDKROOT = macosx;
			};
			name = Debug;
		};
		41B725DB27FADC980062DC78 /* Release */ = {
			isa = XCBuildConfiguration;
			buildSettings = {
				ALWAYS_SEARCH_USER_PATHS = NO;
				CLANG_ANALYZER_NONNULL = YES;
				CLANG_ANALYZER_NUMBER_OBJECT_CONVERSION = YES_AGGRESSIVE;
				CLANG_CXX_LANGUAGE_STANDARD = "gnu++14";
				CLANG_CXX_LIBRARY = "libc++";
				CLANG_ENABLE_MODULES = YES;
				CLANG_ENABLE_OBJC_ARC = YES;
				CLANG_ENABLE_OBJC_WEAK = YES;
				CLANG_WARN_BLOCK_CAPTURE_AUTORELEASING = YES;
				CLANG_WARN_BOOL_CONVERSION = YES;
				CLANG_WARN_COMMA = YES;
				CLANG_WARN_CONSTANT_CONVERSION = YES;
				CLANG_WARN_DEPRECATED_OBJC_IMPLEMENTATIONS = YES;
				CLANG_WARN_DIRECT_OBJC_ISA_USAGE = YES_ERROR;
				CLANG_WARN_DOCUMENTATION_COMMENTS = YES;
				CLANG_WARN_EMPTY_BODY = YES;
				CLANG_WARN_ENUM_CONVERSION = YES;
				CLANG_WARN_INFINITE_RECURSION = YES;
				CLANG_WARN_INT_CONVERSION = YES;
				CLANG_WARN_NON_LITERAL_NULL_CONVERSION = YES;
				CLANG_WARN_OBJC_IMPLICIT_RETAIN_SELF = YES;
				CLANG_WARN_OBJC_LITERAL_CONVERSION = YES;
				CLANG_WARN_OBJC_ROOT_CLASS = YES_ERROR;
				CLANG_WARN_QUOTED_INCLUDE_IN_FRAMEWORK_HEADER = YES;
				CLANG_WARN_RANGE_LOOP_ANALYSIS = YES;
				CLANG_WARN_STRICT_PROTOTYPES = YES;
				CLANG_WARN_SUSPICIOUS_MOVE = YES;
				CLANG_WARN_UNGUARDED_AVAILABILITY = YES_AGGRESSIVE;
				CLANG_WARN_UNREACHABLE_CODE = YES;
				CLANG_WARN__DUPLICATE_METHOD_MATCH = YES;
				COPY_PHASE_STRIP = NO;
				DEBUG_INFORMATION_FORMAT = "dwarf-with-dsym";
				ENABLE_NS_ASSERTIONS = NO;
				ENABLE_STRICT_OBJC_MSGSEND = YES;
				GCC_C_LANGUAGE_STANDARD = gnu11;
				GCC_NO_COMMON_BLOCKS = YES;
				GCC_WARN_64_TO_32_BIT_CONVERSION = YES;
				GCC_WARN_ABOUT_RETURN_TYPE = YES_ERROR;
				GCC_WARN_UNDECLARED_SELECTOR = YES;
				GCC_WARN_UNINITIALIZED_AUTOS = YES_AGGRESSIVE;
				GCC_WARN_UNUSED_FUNCTION = YES;
				GCC_WARN_UNUSED_VARIABLE = YES;
				MACOSX_DEPLOYMENT_TARGET = 10.15;
				MTL_ENABLE_DEBUG_INFO = NO;
				MTL_FAST_MATH = YES;
				SDKROOT = macosx;
			};
			name = Release;
		};
		41B725DD27FADC980062DC78 /* Debug */ = {
			isa = XCBuildConfiguration;
			buildSettings = {
				CODE_SIGN_STYLE = Automatic;
				DEVELOPMENT_TEAM = 4YH4UGRTMH;
				ENABLE_HARDENED_RUNTIME = YES;
				PRODUCT_NAME = "$(TARGET_NAME)";
			};
			name = Debug;
		};
		41B725DE27FADC980062DC78 /* Release */ = {
			isa = XCBuildConfiguration;
			buildSettings = {
				CODE_SIGN_STYLE = Automatic;
				DEVELOPMENT_TEAM = 4YH4UGRTMH;
				ENABLE_HARDENED_RUNTIME = YES;
				PRODUCT_NAME = "$(TARGET_NAME)";
			};
			name = Release;
		};
/* End XCBuildConfiguration section */

/* Begin XCConfigurationList section */
		41B725D027FADC980062DC78 /* Build configuration list for PBXProject "HSB_ATM1" */ = {
			isa = XCConfigurationList;
			buildConfigurations = (
				41B725DA27FADC980062DC78 /* Debug */,
				41B725DB27FADC980062DC78 /* Release */,
			);
			defaultConfigurationIsVisible = 0;
			defaultConfigurationName = Release;
		};
		41B725DC27FADC980062DC78 /* Build configuration list for PBXNativeTarget "HSB_ATM1" */ = {
			isa = XCConfigurationList;
			buildConfigurations = (
				41B725DD27FADC980062DC78 /* Debug */,
				41B725DE27FADC980062DC78 /* Release */,
			);
			defaultConfigurationIsVisible = 0;
			defaultConfigurationName = Release;
		};
/* End XCConfigurationList section */
	};
	rootObject = 41B725CD27FADC980062DC78 /* Project object */;
}
