// !$*UTF8*$!
{
	archiveVersion = 1;
	classes = {
	};
	objectVersion = 50;
	objects = {

/* Begin PBXBuildFile section */
		413D6D5C283E0F950057E110 /* Main.cpp in Sources */ = {isa = PBXBuildFile; fileRef = 413D6D5B283E0F950057E110 /* Main.cpp */; };
		413D6D66283E3DCB0057E110 /* TicketBox.cpp in Sources */ = {isa = PBXBuildFile; fileRef = 413D6D64283E3DCB0057E110 /* TicketBox.cpp */; };
		413D6D6B283E45E30057E110 /* Screen.cpp in Sources */ = {isa = PBXBuildFile; fileRef = 413D6D6A283E45E30057E110 /* Screen.cpp */; };
		417C2E9C2841EF1D009FC4E4 /* Pay.cpp in Sources */ = {isa = PBXBuildFile; fileRef = 417C2E9A2841EF1D009FC4E4 /* Pay.cpp */; };
		417C2EA128420EE7009FC4E4 /* Statistics.cpp in Sources */ = {isa = PBXBuildFile; fileRef = 417C2E9F28420EE7009FC4E4 /* Statistics.cpp */; };
/* End PBXBuildFile section */

/* Begin PBXCopyFilesBuildPhase section */
		413D6D56283E0F950057E110 /* CopyFiles */ = {
			isa = PBXCopyFilesBuildPhase;
			buildActionMask = 2147483647;
			dstPath = /usr/share/man/man1/;
			dstSubfolderSpec = 0;
			files = (
			);
			runOnlyForDeploymentPostprocessing = 1;
		};
/* End PBXCopyFilesBuildPhase section */

/* Begin PBXFileReference section */
		413D6D58283E0F950057E110 /* HSB_TBOX */ = {isa = PBXFileReference; explicitFileType = "compiled.mach-o.executable"; includeInIndex = 0; path = HSB_TBOX; sourceTree = BUILT_PRODUCTS_DIR; };
		413D6D5B283E0F950057E110 /* Main.cpp */ = {isa = PBXFileReference; lastKnownFileType = sourcecode.cpp.cpp; path = Main.cpp; sourceTree = "<group>"; };
		413D6D64283E3DCB0057E110 /* TicketBox.cpp */ = {isa = PBXFileReference; lastKnownFileType = sourcecode.cpp.cpp; path = TicketBox.cpp; sourceTree = "<group>"; };
		413D6D65283E3DCB0057E110 /* TicketBox.h */ = {isa = PBXFileReference; lastKnownFileType = sourcecode.c.h; path = TicketBox.h; sourceTree = "<group>"; };
		413D6D68283E3F7C0057E110 /* Screen.h */ = {isa = PBXFileReference; lastKnownFileType = sourcecode.c.h; path = Screen.h; sourceTree = "<group>"; };
		413D6D69283E450F0057E110 /* Ticket.h */ = {isa = PBXFileReference; lastKnownFileType = sourcecode.c.h; path = Ticket.h; sourceTree = "<group>"; };
		413D6D6A283E45E30057E110 /* Screen.cpp */ = {isa = PBXFileReference; lastKnownFileType = sourcecode.cpp.cpp; path = Screen.cpp; sourceTree = "<group>"; };
		417C2E9A2841EF1D009FC4E4 /* Pay.cpp */ = {isa = PBXFileReference; lastKnownFileType = sourcecode.cpp.cpp; path = Pay.cpp; sourceTree = "<group>"; };
		417C2E9B2841EF1D009FC4E4 /* Pay.h */ = {isa = PBXFileReference; lastKnownFileType = sourcecode.c.h; path = Pay.h; sourceTree = "<group>"; };
		417C2E9F28420EE7009FC4E4 /* Statistics.cpp */ = {isa = PBXFileReference; lastKnownFileType = sourcecode.cpp.cpp; path = Statistics.cpp; sourceTree = "<group>"; };
		417C2EA028420EE7009FC4E4 /* Statistics.h */ = {isa = PBXFileReference; lastKnownFileType = sourcecode.c.h; path = Statistics.h; sourceTree = "<group>"; };
/* End PBXFileReference section */

/* Begin PBXFrameworksBuildPhase section */
		413D6D55283E0F950057E110 /* Frameworks */ = {
			isa = PBXFrameworksBuildPhase;
			buildActionMask = 2147483647;
			files = (
			);
			runOnlyForDeploymentPostprocessing = 0;
		};
/* End PBXFrameworksBuildPhase section */

/* Begin PBXGroup section */
		413D6D4F283E0F950057E110 = {
			isa = PBXGroup;
			children = (
				413D6D5A283E0F950057E110 /* HSB_TBOX */,
				413D6D59283E0F950057E110 /* Products */,
			);
			sourceTree = "<group>";
		};
		413D6D59283E0F950057E110 /* Products */ = {
			isa = PBXGroup;
			children = (
				413D6D58283E0F950057E110 /* HSB_TBOX */,
			);
			name = Products;
			sourceTree = "<group>";
		};
		413D6D5A283E0F950057E110 /* HSB_TBOX */ = {
			isa = PBXGroup;
			children = (
				413D6D5B283E0F950057E110 /* Main.cpp */,
				413D6D64283E3DCB0057E110 /* TicketBox.cpp */,
				417C2E9F28420EE7009FC4E4 /* Statistics.cpp */,
				417C2EA028420EE7009FC4E4 /* Statistics.h */,
				413D6D65283E3DCB0057E110 /* TicketBox.h */,
				413D6D68283E3F7C0057E110 /* Screen.h */,
				413D6D69283E450F0057E110 /* Ticket.h */,
				413D6D6A283E45E30057E110 /* Screen.cpp */,
				417C2E9A2841EF1D009FC4E4 /* Pay.cpp */,
				417C2E9B2841EF1D009FC4E4 /* Pay.h */,
			);
			path = HSB_TBOX;
			sourceTree = "<group>";
		};
/* End PBXGroup section */

/* Begin PBXNativeTarget section */
		413D6D57283E0F950057E110 /* HSB_TBOX */ = {
			isa = PBXNativeTarget;
			buildConfigurationList = 413D6D5F283E0F950057E110 /* Build configuration list for PBXNativeTarget "HSB_TBOX" */;
			buildPhases = (
				413D6D54283E0F950057E110 /* Sources */,
				413D6D55283E0F950057E110 /* Frameworks */,
				413D6D56283E0F950057E110 /* CopyFiles */,
			);
			buildRules = (
			);
			dependencies = (
			);
			name = HSB_TBOX;
			productName = HSB_TBOX;
			productReference = 413D6D58283E0F950057E110 /* HSB_TBOX */;
			productType = "com.apple.product-type.tool";
		};
/* End PBXNativeTarget section */

/* Begin PBXProject section */
		413D6D50283E0F950057E110 /* Project object */ = {
			isa = PBXProject;
			attributes = {
				LastUpgradeCheck = 1240;
				TargetAttributes = {
					413D6D57283E0F950057E110 = {
						CreatedOnToolsVersion = 12.4;
					};
				};
			};
			buildConfigurationList = 413D6D53283E0F950057E110 /* Build configuration list for PBXProject "HSB_TBOX" */;
			compatibilityVersion = "Xcode 9.3";
			developmentRegion = en;
			hasScannedForEncodings = 0;
			knownRegions = (
				en,
				Base,
			);
			mainGroup = 413D6D4F283E0F950057E110;
			productRefGroup = 413D6D59283E0F950057E110 /* Products */;
			projectDirPath = "";
			projectRoot = "";
			targets = (
				413D6D57283E0F950057E110 /* HSB_TBOX */,
			);
		};
/* End PBXProject section */

/* Begin PBXSourcesBuildPhase section */
		413D6D54283E0F950057E110 /* Sources */ = {
			isa = PBXSourcesBuildPhase;
			buildActionMask = 2147483647;
			files = (
				413D6D5C283E0F950057E110 /* Main.cpp in Sources */,
				413D6D66283E3DCB0057E110 /* TicketBox.cpp in Sources */,
				417C2E9C2841EF1D009FC4E4 /* Pay.cpp in Sources */,
				413D6D6B283E45E30057E110 /* Screen.cpp in Sources */,
				417C2EA128420EE7009FC4E4 /* Statistics.cpp in Sources */,
			);
			runOnlyForDeploymentPostprocessing = 0;
		};
/* End PBXSourcesBuildPhase section */

/* Begin XCBuildConfiguration section */
		413D6D5D283E0F950057E110 /* Debug */ = {
			isa = XCBuildConfiguration;
			buildSettings = {
				ALWAYS_SEARCH_USER_PATHS = NO;
				CLANG_ANALYZER_NONNULL = YES;
				CLANG_ANALYZER_NUMBER_OBJECT_CONVERSION = YES_AGGRESSIVE;
				CLANG_CXX_LANGUAGE_STANDARD = "gnu++14";
				CLANG_CXX_LIBRARY = "libc++";
				CLANG_ENABLE_MODULES = YES;
				CLANG_ENABLE_OBJC_ARC = YES;
				CLANG_ENABLE_OBJC_WEAK = YES;
				CLANG_WARN_BLOCK_CAPTURE_AUTORELEASING = YES;
				CLANG_WARN_BOOL_CONVERSION = YES;
				CLANG_WARN_COMMA = YES;
				CLANG_WARN_CONSTANT_CONVERSION = YES;
				CLANG_WARN_DEPRECATED_OBJC_IMPLEMENTATIONS = YES;
				CLANG_WARN_DIRECT_OBJC_ISA_USAGE = YES_ERROR;
				CLANG_WARN_DOCUMENTATION_COMMENTS = YES;
				CLANG_WARN_EMPTY_BODY = YES;
				CLANG_WARN_ENUM_CONVERSION = YES;
				CLANG_WARN_INFINITE_RECURSION = YES;
				CLANG_WARN_INT_CONVERSION = YES;
				CLANG_WARN_NON_LITERAL_NULL_CONVERSION = YES;
				CLANG_WARN_OBJC_IMPLICIT_RETAIN_SELF = YES;
				CLANG_WARN_OBJC_LITERAL_CONVERSION = YES;
				CLANG_WARN_OBJC_ROOT_CLASS = YES_ERROR;
				CLANG_WARN_QUOTED_INCLUDE_IN_FRAMEWORK_HEADER = YES;
				CLANG_WARN_RANGE_LOOP_ANALYSIS = YES;
				CLANG_WARN_STRICT_PROTOTYPES = YES;
				CLANG_WARN_SUSPICIOUS_MOVE = YES;
				CLANG_WARN_UNGUARDED_AVAILABILITY = YES_AGGRESSIVE;
				CLANG_WARN_UNREACHABLE_CODE = YES;
				CLANG_WARN__DUPLICATE_METHOD_MATCH = YES;
				COPY_PHASE_STRIP = NO;
				DEBUG_INFORMATION_FORMAT = dwarf;
				ENABLE_STRICT_OBJC_MSGSEND = YES;
				ENABLE_TESTABILITY = YES;
				GCC_C_LANGUAGE_STANDARD = gnu11;
				GCC_DYNAMIC_NO_PIC = NO;
				GCC_NO_COMMON_BLOCKS = YES;
				GCC_OPTIMIZATION_LEVEL = 0;
				GCC_PREPROCESSOR_DEFINITIONS = (
					"DEBUG=1",
					"$(inherited)",
				);
				GCC_WARN_64_TO_32_BIT_CONVERSION = YES;
				GCC_WARN_ABOUT_RETURN_TYPE = YES_ERROR;
				GCC_WARN_UNDECLARED_SELECTOR = YES;
				GCC_WARN_UNINITIALIZED_AUTOS = YES_AGGRESSIVE;
				GCC_WARN_UNUSED_FUNCTION = YES;
				GCC_WARN_UNUSED_VARIABLE = YES;
				MACOSX_DEPLOYMENT_TARGET = 10.15;
				MTL_ENABLE_DEBUG_INFO = INCLUDE_SOURCE;
				MTL_FAST_MATH = YES;
				ONLY_ACTIVE_ARCH = YES;
				SDKROOT = macosx;
			};
			name = Debug;
		};
		413D6D5E283E0F950057E110 /* Release */ = {
			isa = XCBuildConfiguration;
			buildSettings = {
				ALWAYS_SEARCH_USER_PATHS = NO;
				CLANG_ANALYZER_NONNULL = YES;
				CLANG_ANALYZER_NUMBER_OBJECT_CONVERSION = YES_AGGRESSIVE;
				CLANG_CXX_LANGUAGE_STANDARD = "gnu++14";
				CLANG_CXX_LIBRARY = "libc++";
				CLANG_ENABLE_MODULES = YES;
				CLANG_ENABLE_OBJC_ARC = YES;
				CLANG_ENABLE_OBJC_WEAK = YES;
				CLANG_WARN_BLOCK_CAPTURE_AUTORELEASING = YES;
				CLANG_WARN_BOOL_CONVERSION = YES;
				CLANG_WARN_COMMA = YES;
				CLANG_WARN_CONSTANT_CONVERSION = YES;
				CLANG_WARN_DEPRECATED_OBJC_IMPLEMENTATIONS = YES;
				CLANG_WARN_DIRECT_OBJC_ISA_USAGE = YES_ERROR;
				CLANG_WARN_DOCUMENTATION_COMMENTS = YES;
				CLANG_WARN_EMPTY_BODY = YES;
				CLANG_WARN_ENUM_CONVERSION = YES;
				CLANG_WARN_INFINITE_RECURSION = YES;
				CLANG_WARN_INT_CONVERSION = YES;
				CLANG_WARN_NON_LITERAL_NULL_CONVERSION = YES;
				CLANG_WARN_OBJC_IMPLICIT_RETAIN_SELF = YES;
				CLANG_WARN_OBJC_LITERAL_CONVERSION = YES;
				CLANG_WARN_OBJC_ROOT_CLASS = YES_ERROR;
				CLANG_WARN_QUOTED_INCLUDE_IN_FRAMEWORK_HEADER = YES;
				CLANG_WARN_RANGE_LOOP_ANALYSIS = YES;
				CLANG_WARN_STRICT_PROTOTYPES = YES;
				CLANG_WARN_SUSPICIOUS_MOVE = YES;
				CLANG_WARN_UNGUARDED_AVAILABILITY = YES_AGGRESSIVE;
				CLANG_WARN_UNREACHABLE_CODE = YES;
				CLANG_WARN__DUPLICATE_METHOD_MATCH = YES;
				COPY_PHASE_STRIP = NO;
				DEBUG_INFORMATION_FORMAT = "dwarf-with-dsym";
				ENABLE_NS_ASSERTIONS = NO;
				ENABLE_STRICT_OBJC_MSGSEND = YES;
				GCC_C_LANGUAGE_STANDARD = gnu11;
				GCC_NO_COMMON_BLOCKS = YES;
				GCC_WARN_64_TO_32_BIT_CONVERSION = YES;
				GCC_WARN_ABOUT_RETURN_TYPE = YES_ERROR;
				GCC_WARN_UNDECLARED_SELECTOR = YES;
				GCC_WARN_UNINITIALIZED_AUTOS = YES_AGGRESSIVE;
				GCC_WARN_UNUSED_FUNCTION = YES;
				GCC_WARN_UNUSED_VARIABLE = YES;
				MACOSX_DEPLOYMENT_TARGET = 10.15;
				MTL_ENABLE_DEBUG_INFO = NO;
				MTL_FAST_MATH = YES;
				SDKROOT = macosx;
			};
			name = Release;
		};
		413D6D60283E0F950057E110 /* Debug */ = {
			isa = XCBuildConfiguration;
			buildSettings = {
				CODE_SIGN_STYLE = Automatic;
				DEVELOPMENT_TEAM = 4YH4UGRTMH;
				ENABLE_HARDENED_RUNTIME = YES;
				PRODUCT_NAME = "$(TARGET_NAME)";
			};
			name = Debug;
		};
		413D6D61283E0F950057E110 /* Release */ = {
			isa = XCBuildConfiguration;
			buildSettings = {
				CODE_SIGN_STYLE = Automatic;
				DEVELOPMENT_TEAM = 4YH4UGRTMH;
				ENABLE_HARDENED_RUNTIME = YES;
				PRODUCT_NAME = "$(TARGET_NAME)";
			};
			name = Release;
		};
/* End XCBuildConfiguration section */

/* Begin XCConfigurationList section */
		413D6D53283E0F950057E110 /* Build configuration list for PBXProject "HSB_TBOX" */ = {
			isa = XCConfigurationList;
			buildConfigurations = (
				413D6D5D283E0F950057E110 /* Debug */,
				413D6D5E283E0F950057E110 /* Release */,
			);
			defaultConfigurationIsVisible = 0;
			defaultConfigurationName = Release;
		};
		413D6D5F283E0F950057E110 /* Build configuration list for PBXNativeTarget "HSB_TBOX" */ = {
			isa = XCConfigurationList;
			buildConfigurations = (
				413D6D60283E0F950057E110 /* Debug */,
				413D6D61283E0F950057E110 /* Release */,
			);
			defaultConfigurationIsVisible = 0;
			defaultConfigurationName = Release;
		};
/* End XCConfigurationList section */
	};
	rootObject = 413D6D50283E0F950057E110 /* Project object */;
}
